// !$*UTF8*$!
{
	archiveVersion = 1;
	classes = {
	};
	objectVersion = 46;
	objects = {

/* Begin PBXBuildFile section */
		ACD3FDEC1EFA40430046EB19 /* Main.storyboard in Resources */ = {isa = PBXBuildFile; fileRef = ACD3FDEA1EFA40430046EB19 /* Main.storyboard */; };
		ACD3FDEE1EFA40430046EB19 /* Assets.xcassets in Resources */ = {isa = PBXBuildFile; fileRef = ACD3FDED1EFA40430046EB19 /* Assets.xcassets */; };
		ACD3FDF11EFA40430046EB19 /* LaunchScreen.storyboard in Resources */ = {isa = PBXBuildFile; fileRef = ACD3FDEF1EFA40430046EB19 /* LaunchScreen.storyboard */; };
		ACE722801EFCDED800E6B86D /* UIView+Category.m in Sources */ = {isa = PBXBuildFile; fileRef = ACE7227F1EFCDED800E6B86D /* UIView+Category.m */; };
		ACE722861EFDF88E00E6B86D /* ShopCartViewController.m in Sources */ = {isa = PBXBuildFile; fileRef = ACE722851EFDF88E00E6B86D /* ShopCartViewController.m */; };
		ACE722891EFDF8A200E6B86D /* ShopCartOrderView.m in Sources */ = {isa = PBXBuildFile; fileRef = ACE722881EFDF8A200E6B86D /* ShopCartOrderView.m */; };
		ACE7228C1EFDF8C600E6B86D /* ShopCartOrderCell.m in Sources */ = {isa = PBXBuildFile; fileRef = ACE7228B1EFDF8C600E6B86D /* ShopCartOrderCell.m */; };
		ACE7228F1EFDF8FC00E6B86D /* ShopCartGoodsCategoryCell.m in Sources */ = {isa = PBXBuildFile; fileRef = ACE7228E1EFDF8FC00E6B86D /* ShopCartGoodsCategoryCell.m */; };
		ACE722921EFDF91100E6B86D /* ShopCartGoodsListCell.m in Sources */ = {isa = PBXBuildFile; fileRef = ACE722911EFDF91100E6B86D /* ShopCartGoodsListCell.m */; };
		ACE722951EFDF94000E6B86D /* ShopCartThrowLineTools.m in Sources */ = {isa = PBXBuildFile; fileRef = ACE722941EFDF94000E6B86D /* ShopCartThrowLineTools.m */; };
		ACE7229B1EFDFD7D00E6B86D /* ShopCartGoodsModel.m in Sources */ = {isa = PBXBuildFile; fileRef = ACE7229A1EFDFD7D00E6B86D /* ShopCartGoodsModel.m */; };
		ACE7229E1EFDFD8600E6B86D /* ShopCartGoodsCategoryModel.m in Sources */ = {isa = PBXBuildFile; fileRef = ACE7229D1EFDFD8600E6B86D /* ShopCartGoodsCategoryModel.m */; };
		ACE722A21EFE08D600E6B86D /* ShopCartMacroNotifications.m in Sources */ = {isa = PBXBuildFile; fileRef = ACE722A11EFE08D600E6B86D /* ShopCartMacroNotifications.m */; };
		ACE722A61EFE0C2900E6B86D /* ShopCartAddSubtractView.m in Sources */ = {isa = PBXBuildFile; fileRef = ACE722A51EFE0C2900E6B86D /* ShopCartAddSubtractView.m */; };
		ACE722AE1EFFD91300E6B86D /* Images.xcassets in Resources */ = {isa = PBXBuildFile; fileRef = ACE722AD1EFFD91300E6B86D /* Images.xcassets */; };
		ACE88E631EFA465F0082EAA6 /* UITableViewCell+Cell.m in Sources */ = {isa = PBXBuildFile; fileRef = ACE88E621EFA465F0082EAA6 /* UITableViewCell+Cell.m */; };
		ACE88E691EFA499A0082EAA6 /* goods.json in Resources */ = {isa = PBXBuildFile; fileRef = ACE88E651EFA499A0082EAA6 /* goods.json */; };
		ACE88E6B1EFA499A0082EAA6 /* main.m in Sources */ = {isa = PBXBuildFile; fileRef = ACE88E671EFA499A0082EAA6 /* main.m */; };
		ACE88E711EFA49EF0082EAA6 /* AppDelegate.m in Sources */ = {isa = PBXBuildFile; fileRef = ACE88E6E1EFA49EF0082EAA6 /* AppDelegate.m */; };
		ACE88E721EFA49EF0082EAA6 /* ViewController.m in Sources */ = {isa = PBXBuildFile; fileRef = ACE88E701EFA49EF0082EAA6 /* ViewController.m */; };
		ACE88E821EFA65CF0082EAA6 /* ShopCartBottomView.m in Sources */ = {isa = PBXBuildFile; fileRef = ACE88E811EFA65CF0082EAA6 /* ShopCartBottomView.m */; };
		BBE286A480F6B1D529D53EC8 /* libPods-仿购物车添加动画.a in Frameworks */ = {isa = PBXBuildFile; fileRef = 35ED7E22FF77F4814303F04A /* libPods-仿购物车添加动画.a */; };
/* End PBXBuildFile section */

/* Begin PBXFileReference section */
		35ED7E22FF77F4814303F04A /* libPods-仿购物车添加动画.a */ = {isa = PBXFileReference; explicitFileType = archive.ar; includeInIndex = 0; path = "libPods-仿购物车添加动画.a"; sourceTree = BUILT_PRODUCTS_DIR; };
		546D418DF559E9FF36B11929 /* Pods-仿购物车添加动画.release.xcconfig */ = {isa = PBXFileReference; includeInIndex = 1; lastKnownFileType = text.xcconfig; name = "Pods-仿购物车添加动画.release.xcconfig"; path = "Pods/Target Support Files/Pods-仿购物车添加动画/Pods-仿购物车添加动画.release.xcconfig"; sourceTree = "<group>"; };
		91AED4672DD93E323037D430 /* Pods-仿购物车添加动画.debug.xcconfig */ = {isa = PBXFileReference; includeInIndex = 1; lastKnownFileType = text.xcconfig; name = "Pods-仿购物车添加动画.debug.xcconfig"; path = "Pods/Target Support Files/Pods-仿购物车添加动画/Pods-仿购物车添加动画.debug.xcconfig"; sourceTree = "<group>"; };
		ACD3FDDE1EFA40430046EB19 /* 仿购物车添加动画.app */ = {isa = PBXFileReference; explicitFileType = wrapper.application; includeInIndex = 0; path = "仿购物车添加动画.app"; sourceTree = BUILT_PRODUCTS_DIR; };
		ACD3FDEB1EFA40430046EB19 /* Base */ = {isa = PBXFileReference; lastKnownFileType = file.storyboard; name = Base; path = Base.lproj/Main.storyboard; sourceTree = "<group>"; };
		ACD3FDED1EFA40430046EB19 /* Assets.xcassets */ = {isa = PBXFileReference; lastKnownFileType = folder.assetcatalog; path = Assets.xcassets; sourceTree = "<group>"; };
		ACD3FDF01EFA40430046EB19 /* Base */ = {isa = PBXFileReference; lastKnownFileType = file.storyboard; name = Base; path = Base.lproj/LaunchScreen.storyboard; sourceTree = "<group>"; };
		ACD3FDF21EFA40430046EB19 /* Info.plist */ = {isa = PBXFileReference; lastKnownFileType = text.plist.xml; path = Info.plist; sourceTree = "<group>"; };
		ACE7227E1EFCDED800E6B86D /* UIView+Category.h */ = {isa = PBXFileReference; fileEncoding = 4; lastKnownFileType = sourcecode.c.h; path = "UIView+Category.h"; sourceTree = "<group>"; };
		ACE7227F1EFCDED800E6B86D /* UIView+Category.m */ = {isa = PBXFileReference; fileEncoding = 4; lastKnownFileType = sourcecode.c.objc; path = "UIView+Category.m"; sourceTree = "<group>"; };
		ACE722841EFDF88E00E6B86D /* ShopCartViewController.h */ = {isa = PBXFileReference; fileEncoding = 4; lastKnownFileType = sourcecode.c.h; path = ShopCartViewController.h; sourceTree = "<group>"; };
		ACE722851EFDF88E00E6B86D /* ShopCartViewController.m */ = {isa = PBXFileReference; fileEncoding = 4; lastKnownFileType = sourcecode.c.objc; path = ShopCartViewController.m; sourceTree = "<group>"; };
		ACE722871EFDF8A200E6B86D /* ShopCartOrderView.h */ = {isa = PBXFileReference; fileEncoding = 4; lastKnownFileType = sourcecode.c.h; path = ShopCartOrderView.h; sourceTree = "<group>"; };
		ACE722881EFDF8A200E6B86D /* ShopCartOrderView.m */ = {isa = PBXFileReference; fileEncoding = 4; lastKnownFileType = sourcecode.c.objc; path = ShopCartOrderView.m; sourceTree = "<group>"; };
		ACE7228A1EFDF8C600E6B86D /* ShopCartOrderCell.h */ = {isa = PBXFileReference; fileEncoding = 4; lastKnownFileType = sourcecode.c.h; path = ShopCartOrderCell.h; sourceTree = "<group>"; };
		ACE7228B1EFDF8C600E6B86D /* ShopCartOrderCell.m */ = {isa = PBXFileReference; fileEncoding = 4; lastKnownFileType = sourcecode.c.objc; path = ShopCartOrderCell.m; sourceTree = "<group>"; };
		ACE7228D1EFDF8FC00E6B86D /* ShopCartGoodsCategoryCell.h */ = {isa = PBXFileReference; fileEncoding = 4; lastKnownFileType = sourcecode.c.h; path = ShopCartGoodsCategoryCell.h; sourceTree = "<group>"; };
		ACE7228E1EFDF8FC00E6B86D /* ShopCartGoodsCategoryCell.m */ = {isa = PBXFileReference; fileEncoding = 4; lastKnownFileType = sourcecode.c.objc; path = ShopCartGoodsCategoryCell.m; sourceTree = "<group>"; };
		ACE722901EFDF91100E6B86D /* ShopCartGoodsListCell.h */ = {isa = PBXFileReference; fileEncoding = 4; lastKnownFileType = sourcecode.c.h; path = ShopCartGoodsListCell.h; sourceTree = "<group>"; };
		ACE722911EFDF91100E6B86D /* ShopCartGoodsListCell.m */ = {isa = PBXFileReference; fileEncoding = 4; lastKnownFileType = sourcecode.c.objc; path = ShopCartGoodsListCell.m; sourceTree = "<group>"; };
		ACE722931EFDF94000E6B86D /* ShopCartThrowLineTools.h */ = {isa = PBXFileReference; fileEncoding = 4; lastKnownFileType = sourcecode.c.h; path = ShopCartThrowLineTools.h; sourceTree = "<group>"; };
		ACE722941EFDF94000E6B86D /* ShopCartThrowLineTools.m */ = {isa = PBXFileReference; fileEncoding = 4; lastKnownFileType = sourcecode.c.objc; path = ShopCartThrowLineTools.m; sourceTree = "<group>"; };
		ACE722991EFDFD7D00E6B86D /* ShopCartGoodsModel.h */ = {isa = PBXFileReference; fileEncoding = 4; lastKnownFileType = sourcecode.c.h; path = ShopCartGoodsModel.h; sourceTree = "<group>"; };
		ACE7229A1EFDFD7D00E6B86D /* ShopCartGoodsModel.m */ = {isa = PBXFileReference; fileEncoding = 4; lastKnownFileType = sourcecode.c.objc; path = ShopCartGoodsModel.m; sourceTree = "<group>"; };
		ACE7229C1EFDFD8600E6B86D /* ShopCartGoodsCategoryModel.h */ = {isa = PBXFileReference; fileEncoding = 4; lastKnownFileType = sourcecode.c.h; path = ShopCartGoodsCategoryModel.h; sourceTree = "<group>"; };
		ACE7229D1EFDFD8600E6B86D /* ShopCartGoodsCategoryModel.m */ = {isa = PBXFileReference; fileEncoding = 4; lastKnownFileType = sourcecode.c.objc; path = ShopCartGoodsCategoryModel.m; sourceTree = "<group>"; };
		ACE722A01EFE08D600E6B86D /* ShopCartMacroNotifications.h */ = {isa = PBXFileReference; fileEncoding = 4; lastKnownFileType = sourcecode.c.h; path = ShopCartMacroNotifications.h; sourceTree = "<group>"; };
		ACE722A11EFE08D600E6B86D /* ShopCartMacroNotifications.m */ = {isa = PBXFileReference; fileEncoding = 4; lastKnownFileType = sourcecode.c.objc; path = ShopCartMacroNotifications.m; sourceTree = "<group>"; };
		ACE722A31EFE094D00E6B86D /* ShopCartMacroColorFont.h */ = {isa = PBXFileReference; lastKnownFileType = sourcecode.c.h; path = ShopCartMacroColorFont.h; sourceTree = "<group>"; };
		ACE722A41EFE0C2900E6B86D /* ShopCartAddSubtractView.h */ = {isa = PBXFileReference; fileEncoding = 4; lastKnownFileType = sourcecode.c.h; path = ShopCartAddSubtractView.h; sourceTree = "<group>"; };
		ACE722A51EFE0C2900E6B86D /* ShopCartAddSubtractView.m */ = {isa = PBXFileReference; fileEncoding = 4; lastKnownFileType = sourcecode.c.objc; path = ShopCartAddSubtractView.m; sourceTree = "<group>"; };
		ACE722AD1EFFD91300E6B86D /* Images.xcassets */ = {isa = PBXFileReference; lastKnownFileType = folder.assetcatalog; path = Images.xcassets; sourceTree = "<group>"; };
		ACE88E611EFA465F0082EAA6 /* UITableViewCell+Cell.h */ = {isa = PBXFileReference; fileEncoding = 4; lastKnownFileType = sourcecode.c.h; path = "UITableViewCell+Cell.h"; sourceTree = "<group>"; };
		ACE88E621EFA465F0082EAA6 /* UITableViewCell+Cell.m */ = {isa = PBXFileReference; fileEncoding = 4; lastKnownFileType = sourcecode.c.objc; path = "UITableViewCell+Cell.m"; sourceTree = "<group>"; };
		ACE88E651EFA499A0082EAA6 /* goods.json */ = {isa = PBXFileReference; fileEncoding = 4; lastKnownFileType = text.json; path = goods.json; sourceTree = "<group>"; };
		ACE88E671EFA499A0082EAA6 /* main.m */ = {isa = PBXFileReference; fileEncoding = 4; lastKnownFileType = sourcecode.c.objc; path = main.m; sourceTree = "<group>"; };
		ACE88E6D1EFA49EF0082EAA6 /* AppDelegate.h */ = {isa = PBXFileReference; fileEncoding = 4; lastKnownFileType = sourcecode.c.h; path = AppDelegate.h; sourceTree = "<group>"; };
		ACE88E6E1EFA49EF0082EAA6 /* AppDelegate.m */ = {isa = PBXFileReference; fileEncoding = 4; lastKnownFileType = sourcecode.c.objc; path = AppDelegate.m; sourceTree = "<group>"; };
		ACE88E6F1EFA49EF0082EAA6 /* ViewController.h */ = {isa = PBXFileReference; fileEncoding = 4; lastKnownFileType = sourcecode.c.h; path = ViewController.h; sourceTree = "<group>"; };
		ACE88E701EFA49EF0082EAA6 /* ViewController.m */ = {isa = PBXFileReference; fileEncoding = 4; lastKnownFileType = sourcecode.c.objc; path = ViewController.m; sourceTree = "<group>"; };
		ACE88E731EFA49FB0082EAA6 /* PrefixHeader.pch */ = {isa = PBXFileReference; lastKnownFileType = sourcecode.c.h; path = PrefixHeader.pch; sourceTree = "<group>"; };
		ACE88E801EFA65CF0082EAA6 /* ShopCartBottomView.h */ = {isa = PBXFileReference; fileEncoding = 4; lastKnownFileType = sourcecode.c.h; path = ShopCartBottomView.h; sourceTree = "<group>"; };
		ACE88E811EFA65CF0082EAA6 /* ShopCartBottomView.m */ = {isa = PBXFileReference; fileEncoding = 4; lastKnownFileType = sourcecode.c.objc; path = ShopCartBottomView.m; sourceTree = "<group>"; };
/* End PBXFileReference section */

/* Begin PBXFrameworksBuildPhase section */
		ACD3FDDB1EFA40430046EB19 /* Frameworks */ = {
			isa = PBXFrameworksBuildPhase;
			buildActionMask = 2147483647;
			files = (
				BBE286A480F6B1D529D53EC8 /* libPods-仿购物车添加动画.a in Frameworks */,
			);
			runOnlyForDeploymentPostprocessing = 0;
		};
/* End PBXFrameworksBuildPhase section */

/* Begin PBXGroup section */
		93FB0D412BE3376B80024A6A /* Frameworks */ = {
			isa = PBXGroup;
			children = (
				35ED7E22FF77F4814303F04A /* libPods-仿购物车添加动画.a */,
			);
			name = Frameworks;
			sourceTree = "<group>";
		};
		ACD3FDD51EFA40430046EB19 = {
			isa = PBXGroup;
			children = (
				ACD3FDE01EFA40430046EB19 /* 仿购物车添加动画 */,
				ACD3FDDF1EFA40430046EB19 /* Products */,
				E246C2F760DFFA99555AD1AD /* Pods */,
				93FB0D412BE3376B80024A6A /* Frameworks */,
			);
			sourceTree = "<group>";
		};
		ACD3FDDF1EFA40430046EB19 /* Products */ = {
			isa = PBXGroup;
			children = (
				ACD3FDDE1EFA40430046EB19 /* 仿购物车添加动画.app */,
			);
			name = Products;
			sourceTree = "<group>";
		};
		ACD3FDE01EFA40430046EB19 /* 仿购物车添加动画 */ = {
			isa = PBXGroup;
			children = (
				ACE88E6C1EFA49EF0082EAA6 /* APP */,
				ACE88E641EFA499A0082EAA6 /* SupportingFiles */,
				ACE88E601EFA46120082EAA6 /* Categorys */,
				ACE88E551EFA442A0082EAA6 /* Config */,
				ACE88E511EFA44140082EAA6 /* Tools */,
				ACE88E521EFA44140082EAA6 /* Models */,
				ACE88E531EFA44140082EAA6 /* Views */,
				ACE88E541EFA44140082EAA6 /* Controllers */,
				ACD3FDEA1EFA40430046EB19 /* Main.storyboard */,
				ACD3FDED1EFA40430046EB19 /* Assets.xcassets */,
				ACD3FDEF1EFA40430046EB19 /* LaunchScreen.storyboard */,
				ACD3FDF21EFA40430046EB19 /* Info.plist */,
				ACE722AD1EFFD91300E6B86D /* Images.xcassets */,
				ACD3FDE11EFA40430046EB19 /* Supporting Files */,
			);
			path = "仿购物车添加动画";
			sourceTree = "<group>";
		};
		ACD3FDE11EFA40430046EB19 /* Supporting Files */ = {
			isa = PBXGroup;
			children = (
			);
			name = "Supporting Files";
			sourceTree = "<group>";
		};
		ACE88E511EFA44140082EAA6 /* Tools */ = {
			isa = PBXGroup;
			children = (
				ACE722931EFDF94000E6B86D /* ShopCartThrowLineTools.h */,
				ACE722941EFDF94000E6B86D /* ShopCartThrowLineTools.m */,
			);
			path = Tools;
			sourceTree = "<group>";
		};
		ACE88E521EFA44140082EAA6 /* Models */ = {
			isa = PBXGroup;
			children = (
				ACE7229C1EFDFD8600E6B86D /* ShopCartGoodsCategoryModel.h */,
				ACE7229D1EFDFD8600E6B86D /* ShopCartGoodsCategoryModel.m */,
				ACE722991EFDFD7D00E6B86D /* ShopCartGoodsModel.h */,
				ACE7229A1EFDFD7D00E6B86D /* ShopCartGoodsModel.m */,
			);
			path = Models;
			sourceTree = "<group>";
		};
		ACE88E531EFA44140082EAA6 /* Views */ = {
			isa = PBXGroup;
			children = (
				ACE7228D1EFDF8FC00E6B86D /* ShopCartGoodsCategoryCell.h */,
				ACE7228E1EFDF8FC00E6B86D /* ShopCartGoodsCategoryCell.m */,
				ACE722901EFDF91100E6B86D /* ShopCartGoodsListCell.h */,
				ACE722911EFDF91100E6B86D /* ShopCartGoodsListCell.m */,
				ACE7228A1EFDF8C600E6B86D /* ShopCartOrderCell.h */,
				ACE7228B1EFDF8C600E6B86D /* ShopCartOrderCell.m */,
				ACE722871EFDF8A200E6B86D /* ShopCartOrderView.h */,
				ACE722881EFDF8A200E6B86D /* ShopCartOrderView.m */,
				ACE88E801EFA65CF0082EAA6 /* ShopCartBottomView.h */,
				ACE88E811EFA65CF0082EAA6 /* ShopCartBottomView.m */,
				ACE722A41EFE0C2900E6B86D /* ShopCartAddSubtractView.h */,
				ACE722A51EFE0C2900E6B86D /* ShopCartAddSubtractView.m */,
			);
			path = Views;
			sourceTree = "<group>";
		};
		ACE88E541EFA44140082EAA6 /* Controllers */ = {
			isa = PBXGroup;
			children = (
				ACE722841EFDF88E00E6B86D /* ShopCartViewController.h */,
				ACE722851EFDF88E00E6B86D /* ShopCartViewController.m */,
			);
			path = Controllers;
			sourceTree = "<group>";
		};
		ACE88E551EFA442A0082EAA6 /* Config */ = {
			isa = PBXGroup;
			children = (
				ACE88E731EFA49FB0082EAA6 /* PrefixHeader.pch */,
				ACE722A01EFE08D600E6B86D /* ShopCartMacroNotifications.h */,
				ACE722A11EFE08D600E6B86D /* ShopCartMacroNotifications.m */,
				ACE722A31EFE094D00E6B86D /* ShopCartMacroColorFont.h */,
			);
			path = Config;
			sourceTree = "<group>";
		};
		ACE88E601EFA46120082EAA6 /* Categorys */ = {
			isa = PBXGroup;
			children = (
				ACE88E611EFA465F0082EAA6 /* UITableViewCell+Cell.h */,
				ACE88E621EFA465F0082EAA6 /* UITableViewCell+Cell.m */,
				ACE7227E1EFCDED800E6B86D /* UIView+Category.h */,
				ACE7227F1EFCDED800E6B86D /* UIView+Category.m */,
			);
			path = Categorys;
			sourceTree = "<group>";
		};
		ACE88E641EFA499A0082EAA6 /* SupportingFiles */ = {
			isa = PBXGroup;
			children = (
				ACE88E651EFA499A0082EAA6 /* goods.json */,
				ACE88E671EFA499A0082EAA6 /* main.m */,
			);
			path = SupportingFiles;
			sourceTree = "<group>";
		};
		ACE88E6C1EFA49EF0082EAA6 /* APP */ = {
			isa = PBXGroup;
			children = (
				ACE88E6D1EFA49EF0082EAA6 /* AppDelegate.h */,
				ACE88E6E1EFA49EF0082EAA6 /* AppDelegate.m */,
				ACE88E6F1EFA49EF0082EAA6 /* ViewController.h */,
				ACE88E701EFA49EF0082EAA6 /* ViewController.m */,
			);
			path = APP;
			sourceTree = "<group>";
		};
		E246C2F760DFFA99555AD1AD /* Pods */ = {
			isa = PBXGroup;
			children = (
				91AED4672DD93E323037D430 /* Pods-仿购物车添加动画.debug.xcconfig */,
				546D418DF559E9FF36B11929 /* Pods-仿购物车添加动画.release.xcconfig */,
			);
			name = Pods;
			sourceTree = "<group>";
		};
/* End PBXGroup section */

/* Begin PBXNativeTarget section */
		ACD3FDDD1EFA40430046EB19 /* 仿购物车添加动画 */ = {
			isa = PBXNativeTarget;
			buildConfigurationList = ACD3FDF51EFA40430046EB19 /* Build configuration list for PBXNativeTarget "仿购物车添加动画" */;
			buildPhases = (
				69B4AA97177043DDBACF7467 /* [CP] Check Pods Manifest.lock */,
				ACD3FDDA1EFA40430046EB19 /* Sources */,
				ACD3FDDB1EFA40430046EB19 /* Frameworks */,
				ACD3FDDC1EFA40430046EB19 /* Resources */,
				A0F708882976A63DE8B0CF50 /* [CP] Embed Pods Frameworks */,
				583DFD28F2A92CC7C5E93ED8 /* [CP] Copy Pods Resources */,
			);
			buildRules = (
			);
			dependencies = (
			);
			name = "仿购物车添加动画";
			productName = "仿购物车添加动画";
			productReference = ACD3FDDE1EFA40430046EB19 /* 仿购物车添加动画.app */;
			productType = "com.apple.product-type.application";
		};
/* End PBXNativeTarget section */

/* Begin PBXProject section */
		ACD3FDD61EFA40430046EB19 /* Project object */ = {
			isa = PBXProject;
			attributes = {
				LastUpgradeCheck = 0830;
				ORGANIZATIONNAME = "王新伟";
				TargetAttributes = {
					ACD3FDDD1EFA40430046EB19 = {
						CreatedOnToolsVersion = 8.3;
						ProvisioningStyle = Automatic;
					};
				};
			};
			buildConfigurationList = ACD3FDD91EFA40430046EB19 /* Build configuration list for PBXProject "仿购物车添加动画" */;
			compatibilityVersion = "Xcode 3.2";
			developmentRegion = English;
			hasScannedForEncodings = 0;
			knownRegions = (
				en,
				Base,
			);
			mainGroup = ACD3FDD51EFA40430046EB19;
			productRefGroup = ACD3FDDF1EFA40430046EB19 /* Products */;
			projectDirPath = "";
			projectRoot = "";
			targets = (
				ACD3FDDD1EFA40430046EB19 /* 仿购物车添加动画 */,
			);
		};
/* End PBXProject section */

/* Begin PBXResourcesBuildPhase section */
		ACD3FDDC1EFA40430046EB19 /* Resources */ = {
			isa = PBXResourcesBuildPhase;
			buildActionMask = 2147483647;
			files = (
				ACD3FDF11EFA40430046EB19 /* LaunchScreen.storyboard in Resources */,
				ACE722AE1EFFD91300E6B86D /* Images.xcassets in Resources */,
				ACD3FDEE1EFA40430046EB19 /* Assets.xcassets in Resources */,
				ACE88E691EFA499A0082EAA6 /* goods.json in Resources */,
				ACD3FDEC1EFA40430046EB19 /* Main.storyboard in Resources */,
			);
			runOnlyForDeploymentPostprocessing = 0;
		};
/* End PBXResourcesBuildPhase section */

/* Begin PBXShellScriptBuildPhase section */
		583DFD28F2A92CC7C5E93ED8 /* [CP] Copy Pods Resources */ = {
			isa = PBXShellScriptBuildPhase;
			buildActionMask = 2147483647;
			files = (
			);
			inputPaths = (
			);
			name = "[CP] Copy Pods Resources";
			outputPaths = (
			);
			runOnlyForDeploymentPostprocessing = 0;
			shellPath = /bin/sh;
			shellScript = "\"${SRCROOT}/Pods/Target Support Files/Pods-仿购物车添加动画/Pods-仿购物车添加动画-resources.sh\"\n";
			showEnvVarsInLog = 0;
		};
		69B4AA97177043DDBACF7467 /* [CP] Check Pods Manifest.lock */ = {
			isa = PBXShellScriptBuildPhase;
			buildActionMask = 2147483647;
			files = (
			);
			inputPaths = (
			);
			name = "[CP] Check Pods Manifest.lock";
			outputPaths = (
			);
			runOnlyForDeploymentPostprocessing = 0;
			shellPath = /bin/sh;
			shellScript = "diff \"${PODS_ROOT}/../Podfile.lock\" \"${PODS_ROOT}/Manifest.lock\" > /dev/null\nif [[ $? != 0 ]] ; then\n    cat << EOM\nerror: The sandbox is not in sync with the Podfile.lock. Run 'pod install' or update your CocoaPods installation.\nEOM\n    exit 1\nfi\n";
			showEnvVarsInLog = 0;
		};
		A0F708882976A63DE8B0CF50 /* [CP] Embed Pods Frameworks */ = {
			isa = PBXShellScriptBuildPhase;
			buildActionMask = 2147483647;
			files = (
			);
			inputPaths = (
			);
			name = "[CP] Embed Pods Frameworks";
			outputPaths = (
			);
			runOnlyForDeploymentPostprocessing = 0;
			shellPath = /bin/sh;
			shellScript = "\"${SRCROOT}/Pods/Target Support Files/Pods-仿购物车添加动画/Pods-仿购物车添加动画-frameworks.sh\"\n";
			showEnvVarsInLog = 0;
		};
/* End PBXShellScriptBuildPhase section */

/* Begin PBXSourcesBuildPhase section */
		ACD3FDDA1EFA40430046EB19 /* Sources */ = {
			isa = PBXSourcesBuildPhase;
			buildActionMask = 2147483647;
			files = (
				ACE7229B1EFDFD7D00E6B86D /* ShopCartGoodsModel.m in Sources */,
				ACE722951EFDF94000E6B86D /* ShopCartThrowLineTools.m in Sources */,
				ACE88E721EFA49EF0082EAA6 /* ViewController.m in Sources */,
				ACE722861EFDF88E00E6B86D /* ShopCartViewController.m in Sources */,
				ACE722A61EFE0C2900E6B86D /* ShopCartAddSubtractView.m in Sources */,
				ACE88E631EFA465F0082EAA6 /* UITableViewCell+Cell.m in Sources */,
				ACE88E711EFA49EF0082EAA6 /* AppDelegate.m in Sources */,
				ACE7228C1EFDF8C600E6B86D /* ShopCartOrderCell.m in Sources */,
				ACE722921EFDF91100E6B86D /* ShopCartGoodsListCell.m in Sources */,
				ACE722891EFDF8A200E6B86D /* ShopCartOrderView.m in Sources */,
				ACE7229E1EFDFD8600E6B86D /* ShopCartGoodsCategoryModel.m in Sources */,
				ACE722801EFCDED800E6B86D /* UIView+Category.m in Sources */,
				ACE88E821EFA65CF0082EAA6 /* ShopCartBottomView.m in Sources */,
				ACE722A21EFE08D600E6B86D /* ShopCartMacroNotifications.m in Sources */,
				ACE88E6B1EFA499A0082EAA6 /* main.m in Sources */,
				ACE7228F1EFDF8FC00E6B86D /* ShopCartGoodsCategoryCell.m in Sources */,
			);
			runOnlyForDeploymentPostprocessing = 0;
		};
/* End PBXSourcesBuildPhase section */

/* Begin PBXVariantGroup section */
		ACD3FDEA1EFA40430046EB19 /* Main.storyboard */ = {
			isa = PBXVariantGroup;
			children = (
				ACD3FDEB1EFA40430046EB19 /* Base */,
			);
			name = Main.storyboard;
			sourceTree = "<group>";
		};
		ACD3FDEF1EFA40430046EB19 /* LaunchScreen.storyboard */ = {
			isa = PBXVariantGroup;
			children = (
				ACD3FDF01EFA40430046EB19 /* Base */,
			);
			name = LaunchScreen.storyboard;
			sourceTree = "<group>";
		};
/* End PBXVariantGroup section */

/* Begin XCBuildConfiguration section */
		ACD3FDF31EFA40430046EB19 /* Debug */ = {
			isa = XCBuildConfiguration;
			buildSettings = {
				ALWAYS_SEARCH_USER_PATHS = NO;
				CLANG_ANALYZER_NONNULL = YES;
				CLANG_ANALYZER_NUMBER_OBJECT_CONVERSION = YES_AGGRESSIVE;
				CLANG_CXX_LANGUAGE_STANDARD = "gnu++0x";
				CLANG_CXX_LIBRARY = "libc++";
				CLANG_ENABLE_MODULES = YES;
				CLANG_ENABLE_OBJC_ARC = YES;
				CLANG_WARN_BOOL_CONVERSION = YES;
				CLANG_WARN_CONSTANT_CONVERSION = YES;
				CLANG_WARN_DIRECT_OBJC_ISA_USAGE = YES_ERROR;
				CLANG_WARN_DOCUMENTATION_COMMENTS = YES;
				CLANG_WARN_EMPTY_BODY = YES;
				CLANG_WARN_ENUM_CONVERSION = YES;
				CLANG_WARN_INFINITE_RECURSION = YES;
				CLANG_WARN_INT_CONVERSION = YES;
				CLANG_WARN_OBJC_ROOT_CLASS = YES_ERROR;
				CLANG_WARN_SUSPICIOUS_MOVE = YES;
				CLANG_WARN_UNREACHABLE_CODE = YES;
				CLANG_WARN__DUPLICATE_METHOD_MATCH = YES;
				"CODE_SIGN_IDENTITY[sdk=iphoneos*]" = "iPhone Developer";
				COPY_PHASE_STRIP = NO;
				DEBUG_INFORMATION_FORMAT = dwarf;
				ENABLE_STRICT_OBJC_MSGSEND = YES;
				ENABLE_TESTABILITY = YES;
				GCC_C_LANGUAGE_STANDARD = gnu99;
				GCC_DYNAMIC_NO_PIC = NO;
				GCC_NO_COMMON_BLOCKS = YES;
				GCC_OPTIMIZATION_LEVEL = 0;
				GCC_PREPROCESSOR_DEFINITIONS = (
					"DEBUG=1",
					"$(inherited)",
				);
				GCC_WARN_64_TO_32_BIT_CONVERSION = YES;
				GCC_WARN_ABOUT_RETURN_TYPE = YES_ERROR;
				GCC_WARN_UNDECLARED_SELECTOR = YES;
				GCC_WARN_UNINITIALIZED_AUTOS = YES_AGGRESSIVE;
				GCC_WARN_UNUSED_FUNCTION = YES;
				GCC_WARN_UNUSED_VARIABLE = YES;
				IPHONEOS_DEPLOYMENT_TARGET = 10.3;
				MTL_ENABLE_DEBUG_INFO = YES;
				ONLY_ACTIVE_ARCH = YES;
				SDKROOT = iphoneos;
			};
			name = Debug;
		};
		ACD3FDF41EFA40430046EB19 /* Release */ = {
			isa = XCBuildConfiguration;
			buildSettings = {
				ALWAYS_SEARCH_USER_PATHS = NO;
				CLANG_ANALYZER_NONNULL = YES;
				CLANG_ANALYZER_NUMBER_OBJECT_CONVERSION = YES_AGGRESSIVE;
				CLANG_CXX_LANGUAGE_STANDARD = "gnu++0x";
				CLANG_CXX_LIBRARY = "libc++";
				CLANG_ENABLE_MODULES = YES;
				CLANG_ENABLE_OBJC_ARC = YES;
				CLANG_WARN_BOOL_CONVERSION = YES;
				CLANG_WARN_CONSTANT_CONVERSION = YES;
				CLANG_WARN_DIRECT_OBJC_ISA_USAGE = YES_ERROR;
				CLANG_WARN_DOCUMENTATION_COMMENTS = YES;
				CLANG_WARN_EMPTY_BODY = YES;
				CLANG_WARN_ENUM_CONVERSION = YES;
				CLANG_WARN_INFINITE_RECURSION = YES;
				CLANG_WARN_INT_CONVERSION = YES;
				CLANG_WARN_OBJC_ROOT_CLASS = YES_ERROR;
				CLANG_WARN_SUSPICIOUS_MOVE = YES;
				CLANG_WARN_UNREACHABLE_CODE = YES;
				CLANG_WARN__DUPLICATE_METHOD_MATCH = YES;
				"CODE_SIGN_IDENTITY[sdk=iphoneos*]" = "iPhone Developer";
				COPY_PHASE_STRIP = NO;
				DEBUG_INFORMATION_FORMAT = "dwarf-with-dsym";
				ENABLE_NS_ASSERTIONS = NO;
				ENABLE_STRICT_OBJC_MSGSEND = YES;
				GCC_C_LANGUAGE_STANDARD = gnu99;
				GCC_NO_COMMON_BLOCKS = YES;
				GCC_WARN_64_TO_32_BIT_CONVERSION = YES;
				GCC_WARN_ABOUT_RETURN_TYPE = YES_ERROR;
				GCC_WARN_UNDECLARED_SELECTOR = YES;
				GCC_WARN_UNINITIALIZED_AUTOS = YES_AGGRESSIVE;
				GCC_WARN_UNUSED_FUNCTION = YES;
				GCC_WARN_UNUSED_VARIABLE = YES;
				IPHONEOS_DEPLOYMENT_TARGET = 10.3;
				MTL_ENABLE_DEBUG_INFO = NO;
				SDKROOT = iphoneos;
				VALIDATE_PRODUCT = YES;
			};
			name = Release;
		};
		ACD3FDF61EFA40430046EB19 /* Debug */ = {
			isa = XCBuildConfiguration;
			baseConfigurationReference = 91AED4672DD93E323037D430 /* Pods-仿购物车添加动画.debug.xcconfig */;
			buildSettings = {
				ASSETCATALOG_COMPILER_APPICON_NAME = AppIcon;
				ASSETCATALOG_COMPILER_LAUNCHIMAGE_NAME = LaunchImage;
				GCC_INCREASE_PRECOMPILED_HEADER_SHARING = YES;
				GCC_PRECOMPILE_PREFIX_HEADER = YES;
				GCC_PREFIX_HEADER = "$(SRCROOT)/仿购物车添加动画/Config/PrefixHeader.pch";
				INFOPLIST_FILE = "仿购物车添加动画/Info.plist";
				LD_RUNPATH_SEARCH_PATHS = "$(inherited) @executable_path/Frameworks";
				PRODUCT_BUNDLE_IDENTIFIER = "com.wangxinwei.--------";
				PRODUCT_NAME = "$(TARGET_NAME)";
			};
			name = Debug;
		};
		ACD3FDF71EFA40430046EB19 /* Release */ = {
			isa = XCBuildConfiguration;
			baseConfigurationReference = 546D418DF559E9FF36B11929 /* Pods-仿购物车添加动画.release.xcconfig */;
			buildSettings = {
				ASSETCATALOG_COMPILER_APPICON_NAME = AppIcon;
				ASSETCATALOG_COMPILER_LAUNCHIMAGE_NAME = LaunchImage;
				GCC_INCREASE_PRECOMPILED_HEADER_SHARING = YES;
				GCC_PRECOMPILE_PREFIX_HEADER = YES;
				GCC_PREFIX_HEADER = "$(SRCROOT)/仿购物车添加动画/Config/PrefixHeader.pch";
				INFOPLIST_FILE = "仿购物车添加动画/Info.plist";
				LD_RUNPATH_SEARCH_PATHS = "$(inherited) @executable_path/Frameworks";
				PRODUCT_BUNDLE_IDENTIFIER = "com.wangxinwei.--------";
				PRODUCT_NAME = "$(TARGET_NAME)";
			};
			name = Release;
		};
/* End XCBuildConfiguration section */

/* Begin XCConfigurationList section */
		ACD3FDD91EFA40430046EB19 /* Build configuration list for PBXProject "仿购物车添加动画" */ = {
			isa = XCConfigurationList;
			buildConfigurations = (
				ACD3FDF31EFA40430046EB19 /* Debug */,
				ACD3FDF41EFA40430046EB19 /* Release */,
			);
			defaultConfigurationIsVisible = 0;
			defaultConfigurationName = Release;
		};
		ACD3FDF51EFA40430046EB19 /* Build configuration list for PBXNativeTarget "仿购物车添加动画" */ = {
			isa = XCConfigurationList;
			buildConfigurations = (
				ACD3FDF61EFA40430046EB19 /* Debug */,
				ACD3FDF71EFA40430046EB19 /* Release */,
			);
			defaultConfigurationIsVisible = 0;
			defaultConfigurationName = Release;
		};
/* End XCConfigurationList section */
	};
	rootObject = ACD3FDD61EFA40430046EB19 /* Project object */;
}
